
Microsoft Visual Studio Solution File, Format Version 12.00
# Visual Studio Version 17
VisualStudioVersion = 17.11.35327.3
MinimumVisualStudioVersion = 10.0.40219.1
Project("{9A19103F-16F7-4668-BE54-9A1E7A4F7556}") = "ReviewBooks", "ReviewBooks\ReviewBooks.csproj", "{BDBD7342-8F32-4497-B700-EB08AAC0EB18}"
EndProject
Project("{2150E333-8FDC-42A3-9474-1A3956D46DE8}") = "Solution Items", "Solution Items", "{50F6A977-C15E-43C7-A7BB-ECB0C4829F84}"
	ProjectSection(SolutionItems) = preProject
		ReviewBooks\.github\workflows\deploy.yml = ReviewBooks\.github\workflows\deploy.yml
	EndProjectSection
EndProject
Global
	GlobalSection(SolutionConfigurationPlatforms) = preSolution
		Debug|Any CPU = Debug|Any CPU
		Release|Any CPU = Release|Any CPU
	EndGlobalSection
	GlobalSection(ProjectConfigurationPlatforms) = postSolution
		{BDBD7342-8F32-4497-B700-EB08AAC0EB18}.Debug|Any CPU.ActiveCfg = Debug|Any CPU
		{BDBD7342-8F32-4497-B700-EB08AAC0EB18}.Debug|Any CPU.Build.0 = Debug|Any CPU
		{BDBD7342-8F32-4497-B700-EB08AAC0EB18}.Release|Any CPU.ActiveCfg = Release|Any CPU
		{BDBD7342-8F32-4497-B700-EB08AAC0EB18}.Release|Any CPU.Build.0 = Release|Any CPU
	EndGlobalSection
	GlobalSection(SolutionProperties) = preSolution
		HideSolutionNode = FALSE
	EndGlobalSection
	GlobalSection(ExtensibilityGlobals) = postSolution
		SolutionGuid = {E6C5210F-9AF0-4F0F-9866-39A2B41B9EAF}
	EndGlobalSection
EndGlobal
