
Microsoft Visual Studio Solution File, Format Version 12.00
# Visual Studio Version 17
VisualStudioVersion = 17.11.35327.3
MinimumVisualStudioVersion = 10.0.40219.1
Project("{FAE04EC0-301F-11D3-BF4B-00C04F79EFBC}") = "ReviewBooks", "ReviewBooks\ReviewBooks.csproj", "{BDBD7342-8F32-4497-B700-EB08AAC0EB18}"
EndProject
Global
	GlobalSection(SolutionConfigurationPlatforms) = preSolution
		Debug|Any CPU = Debug|Any CPU
		Release|Any CPU = Release|Any CPU
	EndGlobalSection
	GlobalSection(ProjectConfigurationPlatforms) = postSolution
		{BDBD7342-8F32-4497-B700-EB08AAC0EB18}.Debug|Any CPU.ActiveCfg = Debug|Any CPU
		{BDBD7342-8F32-4497-B700-EB08AAC0EB18}.Debug|Any CPU.Build.0 = Debug|Any CPU
		{BDBD7342-8F32-4497-B700-EB08AAC0EB18}.Release|Any CPU.ActiveCfg = Release|Any CPU
		{BDBD7342-8F32-4497-B700-EB08AAC0EB18}.Release|Any CPU.Build.0 = Release|Any CPU
	EndGlobalSection
	GlobalSection(SolutionProperties) = preSolution
		HideSolutionNode = FALSE
	EndGlobalSection
	GlobalSection(ExtensibilityGlobals) = postSolution
		SolutionGuid = {E6C5210F-9AF0-4F0F-9866-39A2B41B9EAF}
	EndGlobalSection
EndGlobal
